
Microsoft Visual Studio Solution File, Format Version 11.00
# Visual Studio 2010
Project("{2150E333-8FDC-42A3-9474-1A3956D46DE8}") = "tests", "tests", "{5505DC6E-C2E3-42FC-A4FF-CE6C22C82670}"
EndProject
Project("{FAE04EC0-301F-11D3-BF4B-00C04F79EFBC}") = "Xbmc.Http.Tests", "tests\Xbmc.Http.Tests\Xbmc.Http.Tests.csproj", "{5B123D1D-88C8-431D-B1EF-4166EBD70D5E}"
EndProject
Project("{FAE04EC0-301F-11D3-BF4B-00C04F79EFBC}") = "Sysmeta.JsonRpc", "source\Sysmeta.JsonRpc\Sysmeta.JsonRpc.csproj", "{76BA423A-6FB4-4D18-8DED-1F578DE7CD63}"
EndProject
Project("{FAE04EC0-301F-11D3-BF4B-00C04F79EFBC}") = "Sysmeta.Xbmc.Client", "source\Sysmeta.Xbmc.Client\Sysmeta.Xbmc.Client.csproj", "{DB867A88-E747-4556-B682-35CC5A3E7482}"
EndProject
Project("{FAE04EC0-301F-11D3-BF4B-00C04F79EFBC}") = "Sysmeta.Xbmc.Remote", "source\Sysmeta.Xbmc.Remote\Sysmeta.Xbmc.Remote.csproj", "{872830CF-AEF5-4B59-9D48-DC4B7961CD85}"
EndProject
Global
	GlobalSection(SolutionConfigurationPlatforms) = preSolution
		Debug|Any CPU = Debug|Any CPU
		Release|Any CPU = Release|Any CPU
	EndGlobalSection
	GlobalSection(ProjectConfigurationPlatforms) = postSolution
		{5B123D1D-88C8-431D-B1EF-4166EBD70D5E}.Debug|Any CPU.ActiveCfg = Debug|Any CPU
		{5B123D1D-88C8-431D-B1EF-4166EBD70D5E}.Debug|Any CPU.Build.0 = Debug|Any CPU
		{5B123D1D-88C8-431D-B1EF-4166EBD70D5E}.Debug|Any CPU.Deploy.0 = Debug|Any CPU
		{5B123D1D-88C8-431D-B1EF-4166EBD70D5E}.Release|Any CPU.ActiveCfg = Release|Any CPU
		{5B123D1D-88C8-431D-B1EF-4166EBD70D5E}.Release|Any CPU.Build.0 = Release|Any CPU
		{5B123D1D-88C8-431D-B1EF-4166EBD70D5E}.Release|Any CPU.Deploy.0 = Release|Any CPU
		{76BA423A-6FB4-4D18-8DED-1F578DE7CD63}.Debug|Any CPU.ActiveCfg = Debug|Any CPU
		{76BA423A-6FB4-4D18-8DED-1F578DE7CD63}.Debug|Any CPU.Build.0 = Debug|Any CPU
		{76BA423A-6FB4-4D18-8DED-1F578DE7CD63}.Release|Any CPU.ActiveCfg = Release|Any CPU
		{76BA423A-6FB4-4D18-8DED-1F578DE7CD63}.Release|Any CPU.Build.0 = Release|Any CPU
		{DB867A88-E747-4556-B682-35CC5A3E7482}.Debug|Any CPU.ActiveCfg = Debug|Any CPU
		{DB867A88-E747-4556-B682-35CC5A3E7482}.Debug|Any CPU.Build.0 = Debug|Any CPU
		{DB867A88-E747-4556-B682-35CC5A3E7482}.Release|Any CPU.ActiveCfg = Release|Any CPU
		{DB867A88-E747-4556-B682-35CC5A3E7482}.Release|Any CPU.Build.0 = Release|Any CPU
		{872830CF-AEF5-4B59-9D48-DC4B7961CD85}.Debug|Any CPU.ActiveCfg = Debug|Any CPU
		{872830CF-AEF5-4B59-9D48-DC4B7961CD85}.Debug|Any CPU.Build.0 = Debug|Any CPU
		{872830CF-AEF5-4B59-9D48-DC4B7961CD85}.Debug|Any CPU.Deploy.0 = Debug|Any CPU
		{872830CF-AEF5-4B59-9D48-DC4B7961CD85}.Release|Any CPU.ActiveCfg = Release|Any CPU
		{872830CF-AEF5-4B59-9D48-DC4B7961CD85}.Release|Any CPU.Build.0 = Release|Any CPU
		{872830CF-AEF5-4B59-9D48-DC4B7961CD85}.Release|Any CPU.Deploy.0 = Release|Any CPU
	EndGlobalSection
	GlobalSection(SolutionProperties) = preSolution
		HideSolutionNode = FALSE
	EndGlobalSection
	GlobalSection(NestedProjects) = preSolution
		{5B123D1D-88C8-431D-B1EF-4166EBD70D5E} = {5505DC6E-C2E3-42FC-A4FF-CE6C22C82670}
	EndGlobalSection
EndGlobal
